<Solution>
  <Folder Name="/dotnet/">
    <Project Path="dotnet/Beck/Beck.csproj" />
    <Project Path="dotnet/Beck.Sample/Beck.Sample.csproj" />
    <Project Path="dotnet/Beck.Rendering/Beck.Rendering.csproj" />
    <Project Path="dotnet/Beck.Rendering.Skia/Beck.Rendering.Skia.csproj" />
    <Project Path="dotnet/Beck.Rendering.Tests/Beck.Rendering.Tests.csproj" />
  </Folder>
  <Folder Name="/docs/">
    <Project Path="docs/Beck.Docs/Beck.Docs.csproj" />
  </Folder>
</Solution>
