<Solution>
  <Project Path="Beck/Beck.csproj" />
  <Project Path="Beck.Skia/Beck.Skia.csproj" />
  <Project Path="Beck.Sample/Beck.Sample.csproj" />
  <Project Path="Beck.Tests/Beck.Tests.csproj" />
  <Folder Name="/docs/">
    <Project Path="docs/Beck.Docs/Beck.Docs.csproj" />
    <Project Path="docs/Beck.Docs.Client/Beck.Docs.Client.csproj" />
  </Folder>
</Solution>
